<?xml version="1.0" encoding="utf-8"?>
<Project ToolsVersion="4.0" xmlns="http://schemas.microsoft.com/developer/msbuild/2003">
  <ItemGroup>
    <Filter Include="Quelldateien">
      <UniqueIdentifier>{4FC737F1-C7A5-4376-A066-2A32D752A2FF}</UniqueIdentifier>
      <Extensions>cpp;c;cc;cxx;c++;cppm;ixx;def;odl;idl;hpj;bat;asm;asmx</Extensions>
    </Filter>
    <Filter Include="Headerdateien">
      <UniqueIdentifier>{93995380-89BD-4b04-88EB-625FBE52EBFB}</UniqueIdentifier>
      <Extensions>h;hh;hpp;hxx;h++;hm;inl;inc;ipp;xsd</Extensions>
    </Filter>
    <Filter Include="Ressourcendateien">
      <UniqueIdentifier>{67DA6AB6-F800-4c08-8B7A-83BB121AAD01}</UniqueIdentifier>
      <Extensions>rc;ico;cur;bmp;dlg;rc2;rct;bin;rgs;gif;jpg;jpeg;jpe;resx;tiff;tif;png;wav;mfcribbon-ms</Extensions>
    </Filter>
  </ItemGroup>
  <ItemGroup>
    <ClCompile Include="TinyFirstGame.cpp">
      <Filter>Quelldateien</Filter>
    </ClCompile>
    <ClCompile Include="Game.cpp">
      <Filter>Quelldateien</Filter>
    </ClCompile>
    <ClCompile Include="MC.cpp">
      <Filter>Quelldateien</Filter>
    </ClCompile>
    <ClCompile Include="ML.cpp">
      <Filter>Quelldateien</Filter>
    </ClCompile>
    <ClCompile Include="Deamon.cpp">
      <Filter>Quelldateien</Filter>
    </ClCompile>
    <ClCompile Include="Leon.cpp">
      <Filter>Quelldateien</Filter>
    </ClCompile>
    <ClCompile Include="Monster.cpp">
      <Filter>Quelldateien</Filter>
    </ClCompile>
    <ClCompile Include="Slime.cpp">
      <Filter>Quelldateien</Filter>
    </ClCompile>
    <ClCompile Include="Boar.cpp">
      <Filter>Quelldateien</Filter>
    </ClCompile>
    <ClCompile Include="BabyBoar.cpp">
      <Filter>Quelldateien</Filter>
    </ClCompile>
    <ClCompile Include="AdultBoar.cpp">
      <Filter>Quelldateien</Filter>
    </ClCompile>
    <ClCompile Include="Missions.cpp">
      <Filter>Quelldateien</Filter>
    </ClCompile>
    <ClCompile Include="Mission1.cpp">
      <Filter>Quelldateien</Filter>
    </ClCompile>
    <ClCompile Include="Storyline.cpp">
      <Filter>Quelldateien</Filter>
    </ClCompile>
  </ItemGroup>
  <ItemGroup>
    <ClInclude Include="Game.h">
      <Filter>Headerdateien</Filter>
    </ClInclude>
    <ClInclude Include="MC.h">
      <Filter>Headerdateien</Filter>
    </ClInclude>
    <ClInclude Include="ML.h">
      <Filter>Headerdateien</Filter>
    </ClInclude>
    <ClInclude Include="Deamon.h">
      <Filter>Headerdateien</Filter>
    </ClInclude>
    <ClInclude Include="Leon.h">
      <Filter>Headerdateien</Filter>
    </ClInclude>
    <ClInclude Include="Monster.h">
      <Filter>Headerdateien</Filter>
    </ClInclude>
    <ClInclude Include="Slime.h">
      <Filter>Headerdateien</Filter>
    </ClInclude>
    <ClInclude Include="Boar.h">
      <Filter>Headerdateien</Filter>
    </ClInclude>
    <ClInclude Include="BabyBoar.h">
      <Filter>Headerdateien</Filter>
    </ClInclude>
    <ClInclude Include="AdultBoar.h">
      <Filter>Headerdateien</Filter>
    </ClInclude>
    <ClInclude Include="Missions.h">
      <Filter>Headerdateien</Filter>
    </ClInclude>
    <ClInclude Include="Mission1.h">
      <Filter>Headerdateien</Filter>
    </ClInclude>
    <ClInclude Include="Storyline.h">
      <Filter>Headerdateien</Filter>
    </ClInclude>
  </ItemGroup>
</Project>